
Microsoft Visual Studio Solution File, Format Version 12.00
# Visual Studio Version 16
VisualStudioVersion = 16.0.33328.57
MinimumVisualStudioVersion = 10.0.40219.1
Project("{FAE04EC0-301F-11D3-BF4B-00C04F79EFBC}") = "DRPCIV", "DRPCIV\DRPCIV.csproj", "{0808ABF7-CFA9-4880-8C51-9A07BE3F4891}"
EndProject
Project("{FAE04EC0-301F-11D3-BF4B-00C04F79EFBC}") = "GenereazaIntrebari", "genereazaIntrebari\GenereazaIntrebari.csproj", "{B9B83964-D089-4FBA-85AE-E6B41914C8DA}"
EndProject
Project("{FAE04EC0-301F-11D3-BF4B-00C04F79EFBC}") = "InitVariabile", "InitVar\InitVariabile.csproj", "{A30CEF45-EDDC-41F8-B6F4-EB23CD28D070}"
EndProject
Project("{FAE04EC0-301F-11D3-BF4B-00C04F79EFBC}") = "Intrebare", "Intrebare\Intrebare.csproj", "{125EEE0B-501B-4966-B943-CF43C5CF5618}"
EndProject
Project("{FAE04EC0-301F-11D3-BF4B-00C04F79EFBC}") = "UnitTestProjectInitVariabile", "UnitTestProjectInitVariabile\UnitTestProjectInitVariabile.csproj", "{A58E724A-1B15-4233-9DCA-7163DECE78F8}"
EndProject
Project("{FAE04EC0-301F-11D3-BF4B-00C04F79EFBC}") = "UnitTestProjectGenereazaIntrebari", "UnitTestProjectGenereazaIntrebari\UnitTestProjectGenereazaIntrebari.csproj", "{307CFCEE-D653-4A54-BDCE-FB6347EA12E9}"
EndProject
Global
	GlobalSection(SolutionConfigurationPlatforms) = preSolution
		Debug|Any CPU = Debug|Any CPU
		Release|Any CPU = Release|Any CPU
	EndGlobalSection
	GlobalSection(ProjectConfigurationPlatforms) = postSolution
		{0808ABF7-CFA9-4880-8C51-9A07BE3F4891}.Debug|Any CPU.ActiveCfg = Debug|Any CPU
		{0808ABF7-CFA9-4880-8C51-9A07BE3F4891}.Debug|Any CPU.Build.0 = Debug|Any CPU
		{0808ABF7-CFA9-4880-8C51-9A07BE3F4891}.Release|Any CPU.ActiveCfg = Release|Any CPU
		{0808ABF7-CFA9-4880-8C51-9A07BE3F4891}.Release|Any CPU.Build.0 = Release|Any CPU
		{B9B83964-D089-4FBA-85AE-E6B41914C8DA}.Debug|Any CPU.ActiveCfg = Debug|Any CPU
		{B9B83964-D089-4FBA-85AE-E6B41914C8DA}.Debug|Any CPU.Build.0 = Debug|Any CPU
		{B9B83964-D089-4FBA-85AE-E6B41914C8DA}.Release|Any CPU.ActiveCfg = Release|Any CPU
		{B9B83964-D089-4FBA-85AE-E6B41914C8DA}.Release|Any CPU.Build.0 = Release|Any CPU
		{A30CEF45-EDDC-41F8-B6F4-EB23CD28D070}.Debug|Any CPU.ActiveCfg = Debug|Any CPU
		{A30CEF45-EDDC-41F8-B6F4-EB23CD28D070}.Debug|Any CPU.Build.0 = Debug|Any CPU
		{A30CEF45-EDDC-41F8-B6F4-EB23CD28D070}.Release|Any CPU.ActiveCfg = Release|Any CPU
		{A30CEF45-EDDC-41F8-B6F4-EB23CD28D070}.Release|Any CPU.Build.0 = Release|Any CPU
		{125EEE0B-501B-4966-B943-CF43C5CF5618}.Debug|Any CPU.ActiveCfg = Debug|Any CPU
		{125EEE0B-501B-4966-B943-CF43C5CF5618}.Debug|Any CPU.Build.0 = Debug|Any CPU
		{125EEE0B-501B-4966-B943-CF43C5CF5618}.Release|Any CPU.ActiveCfg = Release|Any CPU
		{125EEE0B-501B-4966-B943-CF43C5CF5618}.Release|Any CPU.Build.0 = Release|Any CPU
		{A58E724A-1B15-4233-9DCA-7163DECE78F8}.Debug|Any CPU.ActiveCfg = Debug|Any CPU
		{A58E724A-1B15-4233-9DCA-7163DECE78F8}.Debug|Any CPU.Build.0 = Debug|Any CPU
		{A58E724A-1B15-4233-9DCA-7163DECE78F8}.Release|Any CPU.ActiveCfg = Release|Any CPU
		{A58E724A-1B15-4233-9DCA-7163DECE78F8}.Release|Any CPU.Build.0 = Release|Any CPU
		{307CFCEE-D653-4A54-BDCE-FB6347EA12E9}.Debug|Any CPU.ActiveCfg = Debug|Any CPU
		{307CFCEE-D653-4A54-BDCE-FB6347EA12E9}.Debug|Any CPU.Build.0 = Debug|Any CPU
		{307CFCEE-D653-4A54-BDCE-FB6347EA12E9}.Release|Any CPU.ActiveCfg = Release|Any CPU
		{307CFCEE-D653-4A54-BDCE-FB6347EA12E9}.Release|Any CPU.Build.0 = Release|Any CPU
	EndGlobalSection
	GlobalSection(SolutionProperties) = preSolution
		HideSolutionNode = FALSE
	EndGlobalSection
	GlobalSection(ExtensibilityGlobals) = postSolution
		SolutionGuid = {CE6A885E-C9EC-416B-B1E1-9ED293EBAE02}
	EndGlobalSection
EndGlobal
